// !$*UTF8*$!
{
	archiveVersion = 1;
	classes = {
	};
	objectVersion = 77;
	objects = {

/* Begin PBXBuildFile section */
		C37F056A2E2B356D000FADA4 /* Learning_Log.md in Resources */ = {isa = PBXBuildFile; fileRef = C37F05682E2B355F000FADA4 /* Learning_Log.md */; };
/* End PBXBuildFile section */

/* Begin PBXContainerItemProxy section */
		C37F05322E2B224A000FADA4 /* PBXContainerItemProxy */ = {
			isa = PBXContainerItemProxy;
			containerPortal = C37F051B2E2B2247000FADA4 /* Project object */;
			proxyType = 1;
			remoteGlobalIDString = C37F05222E2B2247000FADA4;
			remoteInfo = "HelloTools Dashboard";
		};
		C37F053C2E2B224A000FADA4 /* PBXContainerItemProxy */ = {
			isa = PBXContainerItemProxy;
			containerPortal = C37F051B2E2B2247000FADA4 /* Project object */;
			proxyType = 1;
			remoteGlobalIDString = C37F05222E2B2247000FADA4;
			remoteInfo = "HelloTools Dashboard";
		};
/* End PBXContainerItemProxy section */

/* Begin PBXFileReference section */
		C37F05232E2B2247000FADA4 /* HelloTools Dashboard.app */ = {isa = PBXFileReference; explicitFileType = wrapper.application; includeInIndex = 0; path = "HelloTools Dashboard.app"; sourceTree = BUILT_PRODUCTS_DIR; };
		C37F05312E2B224A000FADA4 /* HelloTools DashboardTests.xctest */ = {isa = PBXFileReference; explicitFileType = wrapper.cfbundle; includeInIndex = 0; path = "HelloTools DashboardTests.xctest"; sourceTree = BUILT_PRODUCTS_DIR; };
		C37F053B2E2B224A000FADA4 /* HelloTools DashboardUITests.xctest */ = {isa = PBXFileReference; explicitFileType = wrapper.cfbundle; includeInIndex = 0; path = "HelloTools DashboardUITests.xctest"; sourceTree = BUILT_PRODUCTS_DIR; };
		C37F05682E2B355F000FADA4 /* Learning_Log.md */ = {isa = PBXFileReference; lastKnownFileType = net.daringfireball.markdown; path = Learning_Log.md; sourceTree = "<group>"; };
/* End PBXFileReference section */

/* Begin PBXFileSystemSynchronizedRootGroup section */
		C37F05252E2B2247000FADA4 /* HelloTools Dashboard */ = {
			isa = PBXFileSystemSynchronizedRootGroup;
			path = "HelloTools Dashboard";
			sourceTree = "<group>";
		};
		C37F05342E2B224A000FADA4 /* HelloTools DashboardTests */ = {
			isa = PBXFileSystemSynchronizedRootGroup;
			path = "HelloTools DashboardTests";
			sourceTree = "<group>";
		};
		C37F053E2E2B224A000FADA4 /* HelloTools DashboardUITests */ = {
			isa = PBXFileSystemSynchronizedRootGroup;
			path = "HelloTools DashboardUITests";
			sourceTree = "<group>";
		};
/* End PBXFileSystemSynchronizedRootGroup section */

/* Begin PBXFrameworksBuildPhase section */
		C37F05202E2B2247000FADA4 /* Frameworks */ = {
			isa = PBXFrameworksBuildPhase;
			buildActionMask = 2147483647;
			files = (
			);
			runOnlyForDeploymentPostprocessing = 0;
		};
		C37F052E2E2B224A000FADA4 /* Frameworks */ = {
			isa = PBXFrameworksBuildPhase;
			buildActionMask = 2147483647;
			files = (
			);
			runOnlyForDeploymentPostprocessing = 0;
		};
		C37F05382E2B224A000FADA4 /* Frameworks */ = {
			isa = PBXFrameworksBuildPhase;
			buildActionMask = 2147483647;
			files = (
			);
			runOnlyForDeploymentPostprocessing = 0;
		};
/* End PBXFrameworksBuildPhase section */

/* Begin PBXGroup section */
		C37F051A2E2B2247000FADA4 = {
			isa = PBXGroup;
			children = (
				C37F05252E2B2247000FADA4 /* HelloTools Dashboard */,
				C37F056B2E2B35A9000FADA4 /* New Group */,
				C37F05342E2B224A000FADA4 /* HelloTools DashboardTests */,
				C37F053E2E2B224A000FADA4 /* HelloTools DashboardUITests */,
				C37F05242E2B2247000FADA4 /* Products */,
			);
			sourceTree = "<group>";
		};
		C37F05242E2B2247000FADA4 /* Products */ = {
			isa = PBXGroup;
			children = (
				C37F05232E2B2247000FADA4 /* HelloTools Dashboard.app */,
				C37F05312E2B224A000FADA4 /* HelloTools DashboardTests.xctest */,
				C37F053B2E2B224A000FADA4 /* HelloTools DashboardUITests.xctest */,
			);
			name = Products;
			sourceTree = "<group>";
		};
		C37F056B2E2B35A9000FADA4 /* New Group */ = {
			isa = PBXGroup;
			children = (
				C37F05682E2B355F000FADA4 /* Learning_Log.md */,
			);
			path = "New Group";
			sourceTree = "<group>";
		};
/* End PBXGroup section */

/* Begin PBXNativeTarget section */
		C37F05222E2B2247000FADA4 /* HelloTools Dashboard */ = {
			isa = PBXNativeTarget;
			buildConfigurationList = C37F05452E2B224A000FADA4 /* Build configuration list for PBXNativeTarget "HelloTools Dashboard" */;
			buildPhases = (
				C37F051F2E2B2247000FADA4 /* Sources */,
				C37F05202E2B2247000FADA4 /* Frameworks */,
				C37F05212E2B2247000FADA4 /* Resources */,
			);
			buildRules = (
			);
			dependencies = (
			);
			fileSystemSynchronizedGroups = (
				C37F05252E2B2247000FADA4 /* HelloTools Dashboard */,
			);
			name = "HelloTools Dashboard";
			packageProductDependencies = (
			);
			productName = "HelloTools Dashboard";
			productReference = C37F05232E2B2247000FADA4 /* HelloTools Dashboard.app */;
			productType = "com.apple.product-type.application";
		};
		C37F05302E2B224A000FADA4 /* HelloTools DashboardTests */ = {
			isa = PBXNativeTarget;
			buildConfigurationList = C37F05482E2B224A000FADA4 /* Build configuration list for PBXNativeTarget "HelloTools DashboardTests" */;
			buildPhases = (
				C37F052D2E2B224A000FADA4 /* Sources */,
				C37F052E2E2B224A000FADA4 /* Frameworks */,
				C37F052F2E2B224A000FADA4 /* Resources */,
			);
			buildRules = (
			);
			dependencies = (
				C37F05332E2B224A000FADA4 /* PBXTargetDependency */,
			);
			fileSystemSynchronizedGroups = (
				C37F05342E2B224A000FADA4 /* HelloTools DashboardTests */,
			);
			name = "HelloTools DashboardTests";
			packageProductDependencies = (
			);
			productName = "HelloTools DashboardTests";
			productReference = C37F05312E2B224A000FADA4 /* HelloTools DashboardTests.xctest */;
			productType = "com.apple.product-type.bundle.unit-test";
		};
		C37F053A2E2B224A000FADA4 /* HelloTools DashboardUITests */ = {
			isa = PBXNativeTarget;
			buildConfigurationList = C37F054B2E2B224A000FADA4 /* Build configuration list for PBXNativeTarget "HelloTools DashboardUITests" */;
			buildPhases = (
				C37F05372E2B224A000FADA4 /* Sources */,
				C37F05382E2B224A000FADA4 /* Frameworks */,
				C37F05392E2B224A000FADA4 /* Resources */,
			);
			buildRules = (
			);
			dependencies = (
				C37F053D2E2B224A000FADA4 /* PBXTargetDependency */,
			);
			fileSystemSynchronizedGroups = (
				C37F053E2E2B224A000FADA4 /* HelloTools DashboardUITests */,
			);
			name = "HelloTools DashboardUITests";
			packageProductDependencies = (
			);
			productName = "HelloTools DashboardUITests";
			productReference = C37F053B2E2B224A000FADA4 /* HelloTools DashboardUITests.xctest */;
			productType = "com.apple.product-type.bundle.ui-testing";
		};
/* End PBXNativeTarget section */

/* Begin PBXProject section */
		C37F051B2E2B2247000FADA4 /* Project object */ = {
			isa = PBXProject;
			attributes = {
				BuildIndependentTargetsInParallel = 1;
				LastSwiftUpdateCheck = 1640;
				LastUpgradeCheck = 1640;
				TargetAttributes = {
					C37F05222E2B2247000FADA4 = {
						CreatedOnToolsVersion = 16.4;
					};
					C37F05302E2B224A000FADA4 = {
						CreatedOnToolsVersion = 16.4;
						TestTargetID = C37F05222E2B2247000FADA4;
					};
					C37F053A2E2B224A000FADA4 = {
						CreatedOnToolsVersion = 16.4;
						TestTargetID = C37F05222E2B2247000FADA4;
					};
				};
			};
			buildConfigurationList = C37F051E2E2B2247000FADA4 /* Build configuration list for PBXProject "HelloTools Dashboard" */;
			developmentRegion = en;
			hasScannedForEncodings = 0;
			knownRegions = (
				en,
				Base,
			);
			mainGroup = C37F051A2E2B2247000FADA4;
			minimizedProjectReferenceProxies = 1;
			preferredProjectObjectVersion = 77;
			productRefGroup = C37F05242E2B2247000FADA4 /* Products */;
			projectDirPath = "";
			projectRoot = "";
			targets = (
				C37F05222E2B2247000FADA4 /* HelloTools Dashboard */,
				C37F05302E2B224A000FADA4 /* HelloTools DashboardTests */,
				C37F053A2E2B224A000FADA4 /* HelloTools DashboardUITests */,
			);
		};
/* End PBXProject section */

/* Begin PBXResourcesBuildPhase section */
		C37F05212E2B2247000FADA4 /* Resources */ = {
			isa = PBXResourcesBuildPhase;
			buildActionMask = 2147483647;
			files = (
				C37F056A2E2B356D000FADA4 /* Learning_Log.md in Resources */,
			);
			runOnlyForDeploymentPostprocessing = 0;
		};
		C37F052F2E2B224A000FADA4 /* Resources */ = {
			isa = PBXResourcesBuildPhase;
			buildActionMask = 2147483647;
			files = (
			);
			runOnlyForDeploymentPostprocessing = 0;
		};
		C37F05392E2B224A000FADA4 /* Resources */ = {
			isa = PBXResourcesBuildPhase;
			buildActionMask = 2147483647;
			files = (
			);
			runOnlyForDeploymentPostprocessing = 0;
		};
/* End PBXResourcesBuildPhase section */

/* Begin PBXSourcesBuildPhase section */
		C37F051F2E2B2247000FADA4 /* Sources */ = {
			isa = PBXSourcesBuildPhase;
			buildActionMask = 2147483647;
			files = (
			);
			runOnlyForDeploymentPostprocessing = 0;
		};
		C37F052D2E2B224A000FADA4 /* Sources */ = {
			isa = PBXSourcesBuildPhase;
			buildActionMask = 2147483647;
			files = (
			);
			runOnlyForDeploymentPostprocessing = 0;
		};
		C37F05372E2B224A000FADA4 /* Sources */ = {
			isa = PBXSourcesBuildPhase;
			buildActionMask = 2147483647;
			files = (
			);
			runOnlyForDeploymentPostprocessing = 0;
		};
/* End PBXSourcesBuildPhase section */

/* Begin PBXTargetDependency section */
		C37F05332E2B224A000FADA4 /* PBXTargetDependency */ = {
			isa = PBXTargetDependency;
			target = C37F05222E2B2247000FADA4 /* HelloTools Dashboard */;
			targetProxy = C37F05322E2B224A000FADA4 /* PBXContainerItemProxy */;
		};
		C37F053D2E2B224A000FADA4 /* PBXTargetDependency */ = {
			isa = PBXTargetDependency;
			target = C37F05222E2B2247000FADA4 /* HelloTools Dashboard */;
			targetProxy = C37F053C2E2B224A000FADA4 /* PBXContainerItemProxy */;
		};
/* End PBXTargetDependency section */

/* Begin XCBuildConfiguration section */
		C37F05432E2B224A000FADA4 /* Debug */ = {
			isa = XCBuildConfiguration;
			buildSettings = {
				ALWAYS_SEARCH_USER_PATHS = NO;
				ASSETCATALOG_COMPILER_GENERATE_SWIFT_ASSET_SYMBOL_EXTENSIONS = YES;
				CLANG_ANALYZER_NONNULL = YES;
				CLANG_ANALYZER_NUMBER_OBJECT_CONVERSION = YES_AGGRESSIVE;
				CLANG_CXX_LANGUAGE_STANDARD = "gnu++20";
				CLANG_ENABLE_MODULES = YES;
				CLANG_ENABLE_OBJC_ARC = YES;
				CLANG_ENABLE_OBJC_WEAK = YES;
				CLANG_WARN_BLOCK_CAPTURE_AUTORELEASING = YES;
				CLANG_WARN_BOOL_CONVERSION = YES;
				CLANG_WARN_COMMA = YES;
				CLANG_WARN_CONSTANT_CONVERSION = YES;
				CLANG_WARN_DEPRECATED_OBJC_IMPLEMENTATIONS = YES;
				CLANG_WARN_DIRECT_OBJC_ISA_USAGE = YES_ERROR;
				CLANG_WARN_DOCUMENTATION_COMMENTS = YES;
				CLANG_WARN_EMPTY_BODY = YES;
				CLANG_WARN_ENUM_CONVERSION = YES;
				CLANG_WARN_INFINITE_RECURSION = YES;
				CLANG_WARN_INT_CONVERSION = YES;
				CLANG_WARN_NON_LITERAL_NULL_CONVERSION = YES;
				CLANG_WARN_OBJC_IMPLICIT_RETAIN_SELF = YES;
				CLANG_WARN_OBJC_LITERAL_CONVERSION = YES;
				CLANG_WARN_OBJC_ROOT_CLASS = YES_ERROR;
				CLANG_WARN_QUOTED_INCLUDE_IN_FRAMEWORK_HEADER = YES;
				CLANG_WARN_RANGE_LOOP_ANALYSIS = YES;
				CLANG_WARN_STRICT_PROTOTYPES = YES;
				CLANG_WARN_SUSPICIOUS_MOVE = YES;
				CLANG_WARN_UNGUARDED_AVAILABILITY = YES_AGGRESSIVE;
				CLANG_WARN_UNREACHABLE_CODE = YES;
				CLANG_WARN__DUPLICATE_METHOD_MATCH = YES;
				COPY_PHASE_STRIP = NO;
				DEBUG_INFORMATION_FORMAT = dwarf;
				DEVELOPMENT_TEAM = 2LKB33T7N4;
				ENABLE_STRICT_OBJC_MSGSEND = YES;
				ENABLE_TESTABILITY = YES;
				ENABLE_USER_SCRIPT_SANDBOXING = YES;
				GCC_C_LANGUAGE_STANDARD = gnu17;
				GCC_DYNAMIC_NO_PIC = NO;
				GCC_NO_COMMON_BLOCKS = YES;
				GCC_OPTIMIZATION_LEVEL = 0;
				GCC_PREPROCESSOR_DEFINITIONS = (
					"DEBUG=1",
					"$(inherited)",
				);
				GCC_WARN_64_TO_32_BIT_CONVERSION = YES;
				GCC_WARN_ABOUT_RETURN_TYPE = YES_ERROR;
				GCC_WARN_UNDECLARED_SELECTOR = YES;
				GCC_WARN_UNINITIALIZED_AUTOS = YES_AGGRESSIVE;
				GCC_WARN_UNUSED_FUNCTION = YES;
				GCC_WARN_UNUSED_VARIABLE = YES;
				LOCALIZATION_PREFERS_STRING_CATALOGS = YES;
				MACOSX_DEPLOYMENT_TARGET = 15.5;
				MTL_ENABLE_DEBUG_INFO = INCLUDE_SOURCE;
				MTL_FAST_MATH = YES;
				ONLY_ACTIVE_ARCH = YES;
				SDKROOT = macosx;
				SWIFT_ACTIVE_COMPILATION_CONDITIONS = "DEBUG $(inherited)";
				SWIFT_OPTIMIZATION_LEVEL = "-Onone";
			};
			name = Debug;
		};
		C37F05442E2B224A000FADA4 /* Release */ = {
			isa = XCBuildConfiguration;
			buildSettings = {
				ALWAYS_SEARCH_USER_PATHS = NO;
				ASSETCATALOG_COMPILER_GENERATE_SWIFT_ASSET_SYMBOL_EXTENSIONS = YES;
				CLANG_ANALYZER_NONNULL = YES;
				CLANG_ANALYZER_NUMBER_OBJECT_CONVERSION = YES_AGGRESSIVE;
				CLANG_CXX_LANGUAGE_STANDARD = "gnu++20";
				CLANG_ENABLE_MODULES = YES;
				CLANG_ENABLE_OBJC_ARC = YES;
				CLANG_ENABLE_OBJC_WEAK = YES;
				CLANG_WARN_BLOCK_CAPTURE_AUTORELEASING = YES;
				CLANG_WARN_BOOL_CONVERSION = YES;
				CLANG_WARN_COMMA = YES;
				CLANG_WARN_CONSTANT_CONVERSION = YES;
				CLANG_WARN_DEPRECATED_OBJC_IMPLEMENTATIONS = YES;
				CLANG_WARN_DIRECT_OBJC_ISA_USAGE = YES_ERROR;
				CLANG_WARN_DOCUMENTATION_COMMENTS = YES;
				CLANG_WARN_EMPTY_BODY = YES;
				CLANG_WARN_ENUM_CONVERSION = YES;
				CLANG_WARN_INFINITE_RECURSION = YES;
				CLANG_WARN_INT_CONVERSION = YES;
				CLANG_WARN_NON_LITERAL_NULL_CONVERSION = YES;
				CLANG_WARN_OBJC_IMPLICIT_RETAIN_SELF = YES;
				CLANG_WARN_OBJC_LITERAL_CONVERSION = YES;
				CLANG_WARN_OBJC_ROOT_CLASS = YES_ERROR;
				CLANG_WARN_QUOTED_INCLUDE_IN_FRAMEWORK_HEADER = YES;
				CLANG_WARN_RANGE_LOOP_ANALYSIS = YES;
				CLANG_WARN_STRICT_PROTOTYPES = YES;
				CLANG_WARN_SUSPICIOUS_MOVE = YES;
				CLANG_WARN_UNGUARDED_AVAILABILITY = YES_AGGRESSIVE;
				CLANG_WARN_UNREACHABLE_CODE = YES;
				CLANG_WARN__DUPLICATE_METHOD_MATCH = YES;
				COPY_PHASE_STRIP = NO;
				DEBUG_INFORMATION_FORMAT = "dwarf-with-dsym";
				DEVELOPMENT_TEAM = 2LKB33T7N4;
				ENABLE_NS_ASSERTIONS = NO;
				ENABLE_STRICT_OBJC_MSGSEND = YES;
				ENABLE_USER_SCRIPT_SANDBOXING = YES;
				GCC_C_LANGUAGE_STANDARD = gnu17;
				GCC_NO_COMMON_BLOCKS = YES;
				GCC_WARN_64_TO_32_BIT_CONVERSION = YES;
				GCC_WARN_ABOUT_RETURN_TYPE = YES_ERROR;
				GCC_WARN_UNDECLARED_SELECTOR = YES;
				GCC_WARN_UNINITIALIZED_AUTOS = YES_AGGRESSIVE;
				GCC_WARN_UNUSED_FUNCTION = YES;
				GCC_WARN_UNUSED_VARIABLE = YES;
				LOCALIZATION_PREFERS_STRING_CATALOGS = YES;
				MACOSX_DEPLOYMENT_TARGET = 15.5;
				MTL_ENABLE_DEBUG_INFO = NO;
				MTL_FAST_MATH = YES;
				SDKROOT = macosx;
				SWIFT_COMPILATION_MODE = wholemodule;
			};
			name = Release;
		};
		C37F05462E2B224A000FADA4 /* Debug */ = {
			isa = XCBuildConfiguration;
			buildSettings = {
				ASSETCATALOG_COMPILER_APPICON_NAME = AppIcon;
				ASSETCATALOG_COMPILER_GLOBAL_ACCENT_COLOR_NAME = AccentColor;
				CODE_SIGN_ENTITLEMENTS = "HelloTools Dashboard/HelloTools_Dashboard.entitlements";
				CODE_SIGN_STYLE = Automatic;
				COMBINE_HIDPI_IMAGES = YES;
				CURRENT_PROJECT_VERSION = 1;
				DEVELOPMENT_TEAM = 2LKB33T7N4;
				ENABLE_HARDENED_RUNTIME = YES;
				ENABLE_PREVIEWS = YES;
				GENERATE_INFOPLIST_FILE = YES;
				INFOPLIST_KEY_NSHumanReadableCopyright = "";
				LD_RUNPATH_SEARCH_PATHS = (
					"$(inherited)",
					"@executable_path/../Frameworks",
				);
				MARKETING_VERSION = 1.0;
				PRODUCT_BUNDLE_IDENTIFIER = "BRook.HelloTools-Dashboard";
				PRODUCT_NAME = "$(TARGET_NAME)";
				REGISTER_APP_GROUPS = YES;
				SWIFT_EMIT_LOC_STRINGS = YES;
				SWIFT_VERSION = 5.0;
			};
			name = Debug;
		};
		C37F05472E2B224A000FADA4 /* Release */ = {
			isa = XCBuildConfiguration;
			buildSettings = {
				ASSETCATALOG_COMPILER_APPICON_NAME = AppIcon;
				ASSETCATALOG_COMPILER_GLOBAL_ACCENT_COLOR_NAME = AccentColor;
				CODE_SIGN_ENTITLEMENTS = "HelloTools Dashboard/HelloTools_Dashboard.entitlements";
				CODE_SIGN_STYLE = Automatic;
				COMBINE_HIDPI_IMAGES = YES;
				CURRENT_PROJECT_VERSION = 1;
				DEVELOPMENT_TEAM = 2LKB33T7N4;
				ENABLE_HARDENED_RUNTIME = YES;
				ENABLE_PREVIEWS = YES;
				GENERATE_INFOPLIST_FILE = YES;
				INFOPLIST_KEY_NSHumanReadableCopyright = "";
				LD_RUNPATH_SEARCH_PATHS = (
					"$(inherited)",
					"@executable_path/../Frameworks",
				);
				MARKETING_VERSION = 1.0;
				PRODUCT_BUNDLE_IDENTIFIER = "BRook.HelloTools-Dashboard";
				PRODUCT_NAME = "$(TARGET_NAME)";
				REGISTER_APP_GROUPS = YES;
				SWIFT_EMIT_LOC_STRINGS = YES;
				SWIFT_VERSION = 5.0;
			};
			name = Release;
		};
		C37F05492E2B224A000FADA4 /* Debug */ = {
			isa = XCBuildConfiguration;
			buildSettings = {
				BUNDLE_LOADER = "$(TEST_HOST)";
				CODE_SIGN_STYLE = Automatic;
				CURRENT_PROJECT_VERSION = 1;
				DEVELOPMENT_TEAM = 2LKB33T7N4;
				GENERATE_INFOPLIST_FILE = YES;
				MACOSX_DEPLOYMENT_TARGET = 15.5;
				MARKETING_VERSION = 1.0;
				PRODUCT_BUNDLE_IDENTIFIER = "BRook.HelloTools-DashboardTests";
				PRODUCT_NAME = "$(TARGET_NAME)";
				SWIFT_EMIT_LOC_STRINGS = NO;
				SWIFT_VERSION = 5.0;
				TEST_HOST = "$(BUILT_PRODUCTS_DIR)/HelloTools Dashboard.app/$(BUNDLE_EXECUTABLE_FOLDER_PATH)/HelloTools Dashboard";
			};
			name = Debug;
		};
		C37F054A2E2B224A000FADA4 /* Release */ = {
			isa = XCBuildConfiguration;
			buildSettings = {
				BUNDLE_LOADER = "$(TEST_HOST)";
				CODE_SIGN_STYLE = Automatic;
				CURRENT_PROJECT_VERSION = 1;
				DEVELOPMENT_TEAM = 2LKB33T7N4;
				GENERATE_INFOPLIST_FILE = YES;
				MACOSX_DEPLOYMENT_TARGET = 15.5;
				MARKETING_VERSION = 1.0;
				PRODUCT_BUNDLE_IDENTIFIER = "BRook.HelloTools-DashboardTests";
				PRODUCT_NAME = "$(TARGET_NAME)";
				SWIFT_EMIT_LOC_STRINGS = NO;
				SWIFT_VERSION = 5.0;
				TEST_HOST = "$(BUILT_PRODUCTS_DIR)/HelloTools Dashboard.app/$(BUNDLE_EXECUTABLE_FOLDER_PATH)/HelloTools Dashboard";
			};
			name = Release;
		};
		C37F054C2E2B224A000FADA4 /* Debug */ = {
			isa = XCBuildConfiguration;
			buildSettings = {
				CODE_SIGN_STYLE = Automatic;
				CURRENT_PROJECT_VERSION = 1;
				DEVELOPMENT_TEAM = 2LKB33T7N4;
				GENERATE_INFOPLIST_FILE = YES;
				MARKETING_VERSION = 1.0;
				PRODUCT_BUNDLE_IDENTIFIER = "BRook.HelloTools-DashboardUITests";
				PRODUCT_NAME = "$(TARGET_NAME)";
				SWIFT_EMIT_LOC_STRINGS = NO;
				SWIFT_VERSION = 5.0;
				TEST_TARGET_NAME = "HelloTools Dashboard";
			};
			name = Debug;
		};
		C37F054D2E2B224A000FADA4 /* Release */ = {
			isa = XCBuildConfiguration;
			buildSettings = {
				CODE_SIGN_STYLE = Automatic;
				CURRENT_PROJECT_VERSION = 1;
				DEVELOPMENT_TEAM = 2LKB33T7N4;
				GENERATE_INFOPLIST_FILE = YES;
				MARKETING_VERSION = 1.0;
				PRODUCT_BUNDLE_IDENTIFIER = "BRook.HelloTools-DashboardUITests";
				PRODUCT_NAME = "$(TARGET_NAME)";
				SWIFT_EMIT_LOC_STRINGS = NO;
				SWIFT_VERSION = 5.0;
				TEST_TARGET_NAME = "HelloTools Dashboard";
			};
			name = Release;
		};
/* End XCBuildConfiguration section */

/* Begin XCConfigurationList section */
		C37F051E2E2B2247000FADA4 /* Build configuration list for PBXProject "HelloTools Dashboard" */ = {
			isa = XCConfigurationList;
			buildConfigurations = (
				C37F05432E2B224A000FADA4 /* Debug */,
				C37F05442E2B224A000FADA4 /* Release */,
			);
			defaultConfigurationIsVisible = 0;
			defaultConfigurationName = Release;
		};
		C37F05452E2B224A000FADA4 /* Build configuration list for PBXNativeTarget "HelloTools Dashboard" */ = {
			isa = XCConfigurationList;
			buildConfigurations = (
				C37F05462E2B224A000FADA4 /* Debug */,
				C37F05472E2B224A000FADA4 /* Release */,
			);
			defaultConfigurationIsVisible = 0;
			defaultConfigurationName = Release;
		};
		C37F05482E2B224A000FADA4 /* Build configuration list for PBXNativeTarget "HelloTools DashboardTests" */ = {
			isa = XCConfigurationList;
			buildConfigurations = (
				C37F05492E2B224A000FADA4 /* Debug */,
				C37F054A2E2B224A000FADA4 /* Release */,
			);
			defaultConfigurationIsVisible = 0;
			defaultConfigurationName = Release;
		};
		C37F054B2E2B224A000FADA4 /* Build configuration list for PBXNativeTarget "HelloTools DashboardUITests" */ = {
			isa = XCConfigurationList;
			buildConfigurations = (
				C37F054C2E2B224A000FADA4 /* Debug */,
				C37F054D2E2B224A000FADA4 /* Release */,
			);
			defaultConfigurationIsVisible = 0;
			defaultConfigurationName = Release;
		};
/* End XCConfigurationList section */
	};
	rootObject = C37F051B2E2B2247000FADA4 /* Project object */;
}
